{
  "pins" : [
    {
      "identity" : "sp-color-palette",
      "kind" : "remoteSourceControl",
      "location" : "ssh://git@bit.int.agrd.dev:7999/adguard-mac/sp-color-palette.git",
      "state" : {
        "revision" : "0052497a78a166ff609dc140378e3820f3beb7db",
        "version" : "2025.5.0"
      }
    },
    {
      "identity" : "sp-swiftlint",
      "kind" : "remoteSourceControl",
      "location" : "ssh://git@bit.int.agrd.dev:7999/adguard-mac/sp-swiftlint.git",
      "state" : {
        "revision" : "b4cc639f46d85726f87852780dfdff4ba954532b",
        "version" : "0.55.1"
      }
    }
  ],
  "version" : 2
}
