{
  "pins" : [
    {
      "identity" : "sp-sciter-sdk",
      "kind" : "remoteSourceControl",
      "location" : "ssh://git@bit.int.agrd.dev:7999/adguard-mac/sp-sciter-sdk.git",
      "state" : {
        "branch" : "6.0.2.25-unlink.rev.1",
        "revision" : "18c1080eba33f78827a861c446ead466838547f0"
      }
    },
    {
      "identity" : "swift-protobuf",
      "kind" : "remoteSourceControl",
      "location" : "https://github.com/apple/swift-protobuf.git",
      "state" : {
        "revision" : "d72aed98f8253ec1aa9ea1141e28150f408cf17f",
        "version" : "1.29.0"
      }
    }
  ],
  "version" : 2
}
