# THIS IS AN AUTOGENERATED FILE. DO NOT EDIT THIS FILE DIRECTLY.
# yarn lockfile v1


"@adguard/assistant@^4.3.66":
  version "4.3.66"
  resolved "https://registry.yarnpkg.com/@adguard/assistant/-/assistant-4.3.66.tgz#a4809f9bdaad9f37727f7bf291954c43cd485e36"
  integrity sha512-B5CLhhd0Ci8dfo1O9Grnrao6X0skqsBzF63St2pxInSF2gVHxpJ27y5hygkVh3/aWgr4mconyAlJ8FKDh2d/sA==

"@adguard/extended-css@^2.0.18":
  version "2.0.18"
  resolved "https://registry.yarnpkg.com/@adguard/extended-css/-/extended-css-2.0.18.tgz#669f5ad297425184fd4946e76d1a3a110e413a44"
  integrity sha512-IxuzXYPwH4gG1MRm5b08jVbgCIRi49SIhHN6EtciNSpR7+vnTh7nU2eA/Bsupt2XB8LBaco84yLetSxnA6nETQ==

"@adguard/scriptlets@^1.7.3":
  version "1.7.3"
  resolved "https://registry.yarnpkg.com/@adguard/scriptlets/-/scriptlets-1.7.3.tgz#63df428f136635ea8395bd911c1697561d32ca1f"
  integrity sha512-6qRjUQGr2Ga5mF9cbrhbcibum7pMSyCWP5wK5xEviyemwvcLAQQvCvzChzgVeBmfpCFjuEV9ufCj9oGfkMCpSw==
  dependencies:
    "@babel/runtime" "^7.7.2"
    js-yaml "^3.13.1"

"@babel/runtime@^7.7.2":
  version "7.12.5"
  resolved "https://registry.yarnpkg.com/@babel/runtime/-/runtime-7.12.5.tgz#410e7e487441e1b360c29be715d870d9b985882e"
  integrity sha512-plcc+hbExy3McchJCEQG3knOsuh3HH+Prx1P6cLIkET/0dLuQDEnrT+s27Axgc9bqfsmNUNHfscgMUdBpC9xfg==
  dependencies:
    regenerator-runtime "^0.13.4"

argparse@^1.0.7:
  version "1.0.10"
  resolved "https://registry.yarnpkg.com/argparse/-/argparse-1.0.10.tgz#bcd6791ea5ae09725e17e5ad988134cd40b3d911"
  integrity sha512-o5Roy6tNG4SL/FOkCAN6RzjiakZS25RLYFrcMttJqbdd8BWrnA+fGz57iN5Pb06pvBGvl5gQ0B48dJlslXvoTg==
  dependencies:
    sprintf-js "~1.0.2"

esprima@^4.0.0:
  version "4.0.1"
  resolved "https://registry.yarnpkg.com/esprima/-/esprima-4.0.1.tgz#13b04cdb3e6c5d19df91ab6987a8695619b0aa71"
  integrity sha512-eGuFFw7Upda+g4p+QHvnW0RyTX/SVeJBDM/gCtMARO0cLuT2HcEKnTPvhjV6aGeqrCB/sbNop0Kszm0jsaWU4A==

js-yaml@^3.13.1:
  version "3.14.1"
  resolved "https://registry.yarnpkg.com/js-yaml/-/js-yaml-3.14.1.tgz#dae812fdb3825fa306609a8717383c50c36a0537"
  integrity sha512-okMH7OXXJ7YrN9Ok3/SXrnu4iX9yOk+25nqX4imS2npuvTYDmo/QEZoqwZkYaIDk3jVvBOTOIEgEhaLOynBS9g==
  dependencies:
    argparse "^1.0.7"
    esprima "^4.0.0"

regenerator-runtime@^0.13.4:
  version "0.13.7"
  resolved "https://registry.yarnpkg.com/regenerator-runtime/-/regenerator-runtime-0.13.7.tgz#cac2dacc8a1ea675feaabaeb8ae833898ae46f55"
  integrity sha512-a54FxoJDIr27pgf7IgeQGxmqUNYrcV338lf/6gH456HZ/PhX+5BcwHXG9ajESmwe6WRO0tAzRUrRmNONWgkrew==

sprintf-js@~1.0.2:
  version "1.0.3"
  resolved "https://registry.yarnpkg.com/sprintf-js/-/sprintf-js-1.0.3.tgz#04e6926f662895354f3dd015203633b857297e2c"
  integrity sha1-BOaSb2YolTVPPdAVIDYzuFcpfiw=
