# THIS IS AN AUTOGENERATED FILE. DO NOT EDIT THIS FILE DIRECTLY.
# yarn lockfile v1


"@adguard/assistant@^4.3.70":
  version "4.3.70"
  resolved "https://registry.yarnpkg.com/@adguard/assistant/-/assistant-4.3.70.tgz#7fdc072315b5ddc797ad91bf06bee3b20e911098"
  integrity sha512-q5o4ejQgRQMFbtV49X1ark0Ytb+MP/3vC9XErHqAcvh6wHpN/Hm2Q1+jbhiHHIs/H2rCU20TyVwZlGs0xtQ60w==

"@adguard/extended-css@^2.0.52":
  version "2.0.52"
  resolved "https://registry.yarnpkg.com/@adguard/extended-css/-/extended-css-2.0.52.tgz#f5e7c3df1796deb96404a1b6441e7a4c729f09ac"
  integrity sha512-T77MnFD/+A3q93MNEq13qPUXPQRBeOUO9LRyqslcaz7jD5qMcikX1nx436u3PXdZXZpa6R0nnwXQ7wwScDmVgw==

"@adguard/scriptlets@^1.9.57":
  version "1.9.57"
  resolved "https://registry.yarnpkg.com/@adguard/scriptlets/-/scriptlets-1.9.57.tgz#186d611f4ee9315f01588c15a7d2ed11b2e8036e"
  integrity sha512-CvQmszEnEjgrK68JOJ+cLRf3IFoN8tmF6e7yzJpEnSJvyopZH1e10R8bT8FjE+WtBeUyjrVs8jVMuGGa7RRfGg==
  dependencies:
    "@babel/runtime" "^7.20.13"
    js-yaml "^3.13.1"

"@babel/runtime@^7.20.13":
  version "7.22.6"
  resolved "https://registry.yarnpkg.com/@babel/runtime/-/runtime-7.22.6.tgz#57d64b9ae3cff1d67eb067ae117dac087f5bd438"
  integrity sha512-wDb5pWm4WDdF6LFUde3Jl8WzPA+3ZbxYqkC6xAXuD3irdEHN1k0NfTRrJD8ZD378SJ61miMLCqIOXYhd8x+AJQ==
  dependencies:
    regenerator-runtime "^0.13.11"

argparse@^1.0.7:
  version "1.0.10"
  resolved "https://registry.yarnpkg.com/argparse/-/argparse-1.0.10.tgz#bcd6791ea5ae09725e17e5ad988134cd40b3d911"
  integrity sha512-o5Roy6tNG4SL/FOkCAN6RzjiakZS25RLYFrcMttJqbdd8BWrnA+fGz57iN5Pb06pvBGvl5gQ0B48dJlslXvoTg==
  dependencies:
    sprintf-js "~1.0.2"

esprima@^4.0.0:
  version "4.0.1"
  resolved "https://registry.yarnpkg.com/esprima/-/esprima-4.0.1.tgz#13b04cdb3e6c5d19df91ab6987a8695619b0aa71"
  integrity sha512-eGuFFw7Upda+g4p+QHvnW0RyTX/SVeJBDM/gCtMARO0cLuT2HcEKnTPvhjV6aGeqrCB/sbNop0Kszm0jsaWU4A==

js-yaml@^3.13.1:
  version "3.14.1"
  resolved "https://registry.yarnpkg.com/js-yaml/-/js-yaml-3.14.1.tgz#dae812fdb3825fa306609a8717383c50c36a0537"
  integrity sha512-okMH7OXXJ7YrN9Ok3/SXrnu4iX9yOk+25nqX4imS2npuvTYDmo/QEZoqwZkYaIDk3jVvBOTOIEgEhaLOynBS9g==
  dependencies:
    argparse "^1.0.7"
    esprima "^4.0.0"

regenerator-runtime@^0.13.11:
  version "0.13.11"
  resolved "https://registry.yarnpkg.com/regenerator-runtime/-/regenerator-runtime-0.13.11.tgz#f6dca3e7ceec20590d07ada785636a90cdca17f9"
  integrity sha512-kY1AZVr2Ra+t+piVaJ4gxaFaReZVH40AKNo7UCX6W+dEwBo/2oZJzqfuN1qLq1oL45o56cPaTXELwrTh8Fpggg==

sprintf-js@~1.0.2:
  version "1.0.3"
  resolved "https://registry.yarnpkg.com/sprintf-js/-/sprintf-js-1.0.3.tgz#04e6926f662895354f3dd015203633b857297e2c"
  integrity sha1-BOaSb2YolTVPPdAVIDYzuFcpfiw=
